
Microsoft Visual Studio Solution File, Format Version 11.00
# Visual Studio 2010
Project("{FAE04EC0-301F-11D3-BF4B-00C04F79EFBC}") = "AquaPlay", "Assembly-CSharp.csproj", "{55989BCC-4BA5-63FD-8CD6-71F6EB2BE7AF}"
EndProject
Project("{FAE04EC0-301F-11D3-BF4B-00C04F79EFBC}") = "AquaPlay", "Assembly-UnityScript.unityproj", "{4ED87B2B-33D6-E523-0FCD-C471C9578282}"
EndProject
Global
	GlobalSection(SolutionConfigurationPlatforms) = preSolution
		Debug|Any CPU = Debug|Any CPU
		Release|Any CPU = Release|Any CPU
	EndGlobalSection
	GlobalSection(ProjectConfigurationPlatforms) = postSolution
		{55989BCC-4BA5-63FD-8CD6-71F6EB2BE7AF}.Debug|Any CPU.ActiveCfg = Debug|Any CPU
		{55989BCC-4BA5-63FD-8CD6-71F6EB2BE7AF}.Debug|Any CPU.Build.0 = Debug|Any CPU
		{55989BCC-4BA5-63FD-8CD6-71F6EB2BE7AF}.Release|Any CPU.ActiveCfg = Release|Any CPU
		{55989BCC-4BA5-63FD-8CD6-71F6EB2BE7AF}.Release|Any CPU.Build.0 = Release|Any CPU
		{4ED87B2B-33D6-E523-0FCD-C471C9578282}.Debug|Any CPU.ActiveCfg = Debug|Any CPU
		{4ED87B2B-33D6-E523-0FCD-C471C9578282}.Debug|Any CPU.Build.0 = Debug|Any CPU
		{4ED87B2B-33D6-E523-0FCD-C471C9578282}.Release|Any CPU.ActiveCfg = Release|Any CPU
		{4ED87B2B-33D6-E523-0FCD-C471C9578282}.Release|Any CPU.Build.0 = Release|Any CPU
	EndGlobalSection
	GlobalSection(SolutionProperties) = preSolution
		HideSolutionNode = FALSE
	EndGlobalSection
	GlobalSection(MonoDevelopProperties) = preSolution
		StartupItem = Assembly-CSharp.csproj
	EndGlobalSection
EndGlobal
